
Microsoft Visual Studio Solution File, Format Version 12.00
# Visual Studio 15
VisualStudioVersion = 15.0.28307.421
MinimumVisualStudioVersion = 10.0.40219.1
Project("{8BC9CEB8-8B4A-11D0-8D11-00A0C91BC942}") = "C8551Assignment_3", "C8551Assignment_3\C8551Assignment_3.vcxproj", "{68DFDECD-7496-4F1E-8637-C8E0E703A690}"
EndProject
Global
	GlobalSection(SolutionConfigurationPlatforms) = preSolution
		Debug|x64 = Debug|x64
		Debug|x86 = Debug|x86
		Release|x64 = Release|x64
		Release|x86 = Release|x86
	EndGlobalSection
	GlobalSection(ProjectConfigurationPlatforms) = postSolution
		{68DFDECD-7496-4F1E-8637-C8E0E703A690}.Debug|x64.ActiveCfg = Debug|x64
		{68DFDECD-7496-4F1E-8637-C8E0E703A690}.Debug|x64.Build.0 = Debug|x64
		{68DFDECD-7496-4F1E-8637-C8E0E703A690}.Debug|x86.ActiveCfg = Debug|Win32
		{68DFDECD-7496-4F1E-8637-C8E0E703A690}.Debug|x86.Build.0 = Debug|Win32
		{68DFDECD-7496-4F1E-8637-C8E0E703A690}.Release|x64.ActiveCfg = Release|x64
		{68DFDECD-7496-4F1E-8637-C8E0E703A690}.Release|x64.Build.0 = Release|x64
		{68DFDECD-7496-4F1E-8637-C8E0E703A690}.Release|x86.ActiveCfg = Release|Win32
		{68DFDECD-7496-4F1E-8637-C8E0E703A690}.Release|x86.Build.0 = Release|Win32
	EndGlobalSection
	GlobalSection(SolutionProperties) = preSolution
		HideSolutionNode = FALSE
	EndGlobalSection
	GlobalSection(ExtensibilityGlobals) = postSolution
		SolutionGuid = {9DDEEF79-C7E3-4BEF-883D-DE83E54867FF}
	EndGlobalSection
EndGlobal
